PODS:
  - SmoothPicker (1.0.4):
    - SnapKit
  - SnapKit (4.2.0)

DEPENDENCIES:
  - SmoothPicker (from `../`)

SPEC REPOS:
  https://github.com/cocoapods/specs.git:
    - SnapKit

EXTERNAL SOURCES:
  SmoothPicker:
    :path: "../"

SPEC CHECKSUMS:
  SmoothPicker: f5343814bde339bcb0a9eb9ccb79a44f1f643cbf
  SnapKit: fe8a619752f3f27075cc9a90244d75c6c3f27e2a

PODFILE CHECKSUM: 742e0d4bbc612ef9bebaff70e88cfa66e1494d57

COCOAPODS: 1.5.3
