PODS:
  - SmoothPicker (1.1.1):
    - SnapKit
  - SnapKit (4.2.0)

DEPENDENCIES:
  - SmoothPicker (from `../`)

SPEC REPOS:
  https://github.com/cocoapods/specs.git:
    - SnapKit

EXTERNAL SOURCES:
  SmoothPicker:
    :path: "../"

SPEC CHECKSUMS:
  SmoothPicker: 8062d483e04525923cda00caf42063ce7fddcac5
  SnapKit: fe8a619752f3f27075cc9a90244d75c6c3f27e2a

PODFILE CHECKSUM: a85a09cf1679fcf43d09713fda0c9f7f3af4076b

COCOAPODS: 1.5.3
